Microsoft Visual Studio Solution File, Format Version 12.00
# Visual Studio 15
VisualStudioVersion = 15.0.27130.2003
MinimumVisualStudioVersion = 10.0.40219.1
Project("{9A19103F-16F7-4668-BE54-9A1E7A4F7556}") = "Refapp", "RefappCommon\Refapp.csproj", "{E7F73A4C-2536-42DF-94A8-CB152A982CFF}"
EndProject
Project("{FAE04EC0-301F-11D3-BF4B-00C04F79EFBC}") = "Refapp.iOS", "iOS\Refapp.iOS.csproj", "{2906ACA9-45B9-43C7-8109-602A56BB272E}"
EndProject
Project("{FAE04EC0-301F-11D3-BF4B-00C04F79EFBC}") = "Refapp.Droid", "Droid\Refapp.Droid.csproj", "{EB4D37E6-4B35-4D9E-BD85-6C5A778E16BE}"
EndProject
Project("{2150E333-8FDC-42A3-9474-1A3956D46DE8}") = "Services", "Services", "{4AAF8365-FD7C-4340-AB91-FDF3E0DB4DB4}"
EndProject
Project("{9A19103F-16F7-4668-BE54-9A1E7A4F7556}") = "KindredPOC.API", "Services\KindredPOC.API\KindredPOC.API.csproj", "{523B1F3B-BEDA-49F9-9314-57438009D81F}"
EndProject
Project("{FAE04EC0-301F-11D3-BF4B-00C04F79EFBC}") = "KindredPOC.API.TESTS", "KindredPOC.API.TESTS\KindredPOC.API.TESTS.csproj", "{066A4857-341B-4893-8C97-BE50DEDE19AF}"
EndProject
Global
	GlobalSection(SolutionConfigurationPlatforms) = preSolution
		Debug|Any CPU = Debug|Any CPU
		Debug|iPhone = Debug|iPhone
		Debug|iPhoneSimulator = Debug|iPhoneSimulator
		Release|Any CPU = Release|Any CPU
		Release|iPhone = Release|iPhone
		Release|iPhoneSimulator = Release|iPhoneSimulator
	EndGlobalSection
	GlobalSection(ProjectConfigurationPlatforms) = postSolution
		{E7F73A4C-2536-42DF-94A8-CB152A982CFF}.Debug|Any CPU.ActiveCfg = Debug|Any CPU
		{E7F73A4C-2536-42DF-94A8-CB152A982CFF}.Debug|Any CPU.Build.0 = Debug|Any CPU
		{E7F73A4C-2536-42DF-94A8-CB152A982CFF}.Debug|iPhone.ActiveCfg = Debug|Any CPU
		{E7F73A4C-2536-42DF-94A8-CB152A982CFF}.Debug|iPhone.Build.0 = Debug|Any CPU
		{E7F73A4C-2536-42DF-94A8-CB152A982CFF}.Debug|iPhoneSimulator.ActiveCfg = Debug|Any CPU
		{E7F73A4C-2536-42DF-94A8-CB152A982CFF}.Debug|iPhoneSimulator.Build.0 = Debug|Any CPU
		{E7F73A4C-2536-42DF-94A8-CB152A982CFF}.Release|Any CPU.ActiveCfg = Release|Any CPU
		{E7F73A4C-2536-42DF-94A8-CB152A982CFF}.Release|Any CPU.Build.0 = Release|Any CPU
		{E7F73A4C-2536-42DF-94A8-CB152A982CFF}.Release|iPhone.ActiveCfg = Release|Any CPU
		{E7F73A4C-2536-42DF-94A8-CB152A982CFF}.Release|iPhone.Build.0 = Release|Any CPU
		{E7F73A4C-2536-42DF-94A8-CB152A982CFF}.Release|iPhoneSimulator.ActiveCfg = Release|Any CPU
		{E7F73A4C-2536-42DF-94A8-CB152A982CFF}.Release|iPhoneSimulator.Build.0 = Release|Any CPU
		{2906ACA9-45B9-43C7-8109-602A56BB272E}.Debug|Any CPU.ActiveCfg = Debug|iPhoneSimulator
		{2906ACA9-45B9-43C7-8109-602A56BB272E}.Debug|Any CPU.Build.0 = Debug|iPhoneSimulator
		{2906ACA9-45B9-43C7-8109-602A56BB272E}.Debug|iPhone.ActiveCfg = Debug|iPhone
		{2906ACA9-45B9-43C7-8109-602A56BB272E}.Debug|iPhone.Build.0 = Debug|iPhone
		{2906ACA9-45B9-43C7-8109-602A56BB272E}.Debug|iPhoneSimulator.ActiveCfg = Debug|iPhoneSimulator
		{2906ACA9-45B9-43C7-8109-602A56BB272E}.Debug|iPhoneSimulator.Build.0 = Debug|iPhoneSimulator
		{2906ACA9-45B9-43C7-8109-602A56BB272E}.Release|Any CPU.ActiveCfg = Release|iPhone
		{2906ACA9-45B9-43C7-8109-602A56BB272E}.Release|Any CPU.Build.0 = Release|iPhone
		{2906ACA9-45B9-43C7-8109-602A56BB272E}.Release|iPhone.ActiveCfg = Release|iPhone
		{2906ACA9-45B9-43C7-8109-602A56BB272E}.Release|iPhone.Build.0 = Release|iPhone
		{2906ACA9-45B9-43C7-8109-602A56BB272E}.Release|iPhoneSimulator.ActiveCfg = Release|iPhoneSimulator
		{2906ACA9-45B9-43C7-8109-602A56BB272E}.Release|iPhoneSimulator.Build.0 = Release|iPhoneSimulator
		{EB4D37E6-4B35-4D9E-BD85-6C5A778E16BE}.Debug|Any CPU.ActiveCfg = Debug|Any CPU
		{EB4D37E6-4B35-4D9E-BD85-6C5A778E16BE}.Debug|Any CPU.Build.0 = Debug|Any CPU
		{EB4D37E6-4B35-4D9E-BD85-6C5A778E16BE}.Debug|iPhone.ActiveCfg = Debug|Any CPU
		{EB4D37E6-4B35-4D9E-BD85-6C5A778E16BE}.Debug|iPhone.Build.0 = Debug|Any CPU
		{EB4D37E6-4B35-4D9E-BD85-6C5A778E16BE}.Debug|iPhoneSimulator.ActiveCfg = Debug|Any CPU
		{EB4D37E6-4B35-4D9E-BD85-6C5A778E16BE}.Debug|iPhoneSimulator.Build.0 = Debug|Any CPU
		{EB4D37E6-4B35-4D9E-BD85-6C5A778E16BE}.Release|Any CPU.ActiveCfg = Release|Any CPU
		{EB4D37E6-4B35-4D9E-BD85-6C5A778E16BE}.Release|Any CPU.Build.0 = Release|Any CPU
		{EB4D37E6-4B35-4D9E-BD85-6C5A778E16BE}.Release|iPhone.ActiveCfg = Release|Any CPU
		{EB4D37E6-4B35-4D9E-BD85-6C5A778E16BE}.Release|iPhone.Build.0 = Release|Any CPU
		{EB4D37E6-4B35-4D9E-BD85-6C5A778E16BE}.Release|iPhoneSimulator.ActiveCfg = Release|Any CPU
		{EB4D37E6-4B35-4D9E-BD85-6C5A778E16BE}.Release|iPhoneSimulator.Build.0 = Release|Any CPU
		{523B1F3B-BEDA-49F9-9314-57438009D81F}.Debug|Any CPU.ActiveCfg = Debug|Any CPU
		{523B1F3B-BEDA-49F9-9314-57438009D81F}.Debug|Any CPU.Build.0 = Debug|Any CPU
		{523B1F3B-BEDA-49F9-9314-57438009D81F}.Debug|iPhone.ActiveCfg = Debug|Any CPU
		{523B1F3B-BEDA-49F9-9314-57438009D81F}.Debug|iPhone.Build.0 = Debug|Any CPU
		{523B1F3B-BEDA-49F9-9314-57438009D81F}.Debug|iPhoneSimulator.ActiveCfg = Debug|Any CPU
		{523B1F3B-BEDA-49F9-9314-57438009D81F}.Debug|iPhoneSimulator.Build.0 = Debug|Any CPU
		{523B1F3B-BEDA-49F9-9314-57438009D81F}.Release|Any CPU.ActiveCfg = Release|Any CPU
		{523B1F3B-BEDA-49F9-9314-57438009D81F}.Release|Any CPU.Build.0 = Release|Any CPU
		{523B1F3B-BEDA-49F9-9314-57438009D81F}.Release|iPhone.ActiveCfg = Release|Any CPU
		{523B1F3B-BEDA-49F9-9314-57438009D81F}.Release|iPhone.Build.0 = Release|Any CPU
		{523B1F3B-BEDA-49F9-9314-57438009D81F}.Release|iPhoneSimulator.ActiveCfg = Release|Any CPU
		{523B1F3B-BEDA-49F9-9314-57438009D81F}.Release|iPhoneSimulator.Build.0 = Release|Any CPU
		{066A4857-341B-4893-8C97-BE50DEDE19AF}.Debug|Any CPU.ActiveCfg = Debug|Any CPU
		{066A4857-341B-4893-8C97-BE50DEDE19AF}.Debug|Any CPU.Build.0 = Debug|Any CPU
		{066A4857-341B-4893-8C97-BE50DEDE19AF}.Debug|iPhone.ActiveCfg = Debug|Any CPU
		{066A4857-341B-4893-8C97-BE50DEDE19AF}.Debug|iPhone.Build.0 = Debug|Any CPU
		{066A4857-341B-4893-8C97-BE50DEDE19AF}.Debug|iPhoneSimulator.ActiveCfg = Debug|Any CPU
		{066A4857-341B-4893-8C97-BE50DEDE19AF}.Debug|iPhoneSimulator.Build.0 = Debug|Any CPU
		{066A4857-341B-4893-8C97-BE50DEDE19AF}.Release|Any CPU.ActiveCfg = Release|Any CPU
		{066A4857-341B-4893-8C97-BE50DEDE19AF}.Release|Any CPU.Build.0 = Release|Any CPU
		{066A4857-341B-4893-8C97-BE50DEDE19AF}.Release|iPhone.ActiveCfg = Release|Any CPU
		{066A4857-341B-4893-8C97-BE50DEDE19AF}.Release|iPhone.Build.0 = Release|Any CPU
		{066A4857-341B-4893-8C97-BE50DEDE19AF}.Release|iPhoneSimulator.ActiveCfg = Release|Any CPU
		{066A4857-341B-4893-8C97-BE50DEDE19AF}.Release|iPhoneSimulator.Build.0 = Release|Any CPU
	EndGlobalSection
	GlobalSection(SolutionProperties) = preSolution
		HideSolutionNode = FALSE
	EndGlobalSection
	GlobalSection(NestedProjects) = preSolution
		{523B1F3B-BEDA-49F9-9314-57438009D81F} = {4AAF8365-FD7C-4340-AB91-FDF3E0DB4DB4}
		{066A4857-341B-4893-8C97-BE50DEDE19AF} = {4AAF8365-FD7C-4340-AB91-FDF3E0DB4DB4}
	EndGlobalSection
	GlobalSection(ExtensibilityGlobals) = postSolution
		SolutionGuid = {34D35DB8-B5A6-445C-A1A9-6D703D4FFBD1}
	EndGlobalSection
EndGlobal
